
Microsoft Visual Studio Solution File, Format Version 12.00
# Visual Studio Version 16
VisualStudioVersion = 16.0.30320.27
MinimumVisualStudioVersion = 10.0.40219.1
Project("{FAE04EC0-301F-11D3-BF4B-00C04F79EFBC}") = "Assign1", "Assign1\Assign1.csproj", "{B335E76C-025E-42FF-AC2F-1AFB098E71FE}"
EndProject
Global
	GlobalSection(SolutionConfigurationPlatforms) = preSolution
		Debug|Any CPU = Debug|Any CPU
		Release|Any CPU = Release|Any CPU
	EndGlobalSection
	GlobalSection(ProjectConfigurationPlatforms) = postSolution
		{B335E76C-025E-42FF-AC2F-1AFB098E71FE}.Debug|Any CPU.ActiveCfg = Debug|Any CPU
		{B335E76C-025E-42FF-AC2F-1AFB098E71FE}.Debug|Any CPU.Build.0 = Debug|Any CPU
		{B335E76C-025E-42FF-AC2F-1AFB098E71FE}.Release|Any CPU.ActiveCfg = Release|Any CPU
		{B335E76C-025E-42FF-AC2F-1AFB098E71FE}.Release|Any CPU.Build.0 = Release|Any CPU
	EndGlobalSection
	GlobalSection(SolutionProperties) = preSolution
		HideSolutionNode = FALSE
	EndGlobalSection
	GlobalSection(ExtensibilityGlobals) = postSolution
		SolutionGuid = {7FE8BF66-163F-471B-8DAA-A732BB4A190B}
	EndGlobalSection
EndGlobal
