
Microsoft Visual Studio Solution File, Format Version 12.00
# Visual Studio Version 16
VisualStudioVersion = 16.0.30320.27
MinimumVisualStudioVersion = 10.0.40219.1
Project("{FAE04EC0-301F-11D3-BF4B-00C04F79EFBC}") = "AssignLinkedList", "AssignLinkedList\AssignLinkedList.csproj", "{58305186-4BF0-4CEA-BA5A-0715A64489A6}"
EndProject
Global
	GlobalSection(SolutionConfigurationPlatforms) = preSolution
		Debug|Any CPU = Debug|Any CPU
		Release|Any CPU = Release|Any CPU
	EndGlobalSection
	GlobalSection(ProjectConfigurationPlatforms) = postSolution
		{58305186-4BF0-4CEA-BA5A-0715A64489A6}.Debug|Any CPU.ActiveCfg = Debug|Any CPU
		{58305186-4BF0-4CEA-BA5A-0715A64489A6}.Debug|Any CPU.Build.0 = Debug|Any CPU
		{58305186-4BF0-4CEA-BA5A-0715A64489A6}.Release|Any CPU.ActiveCfg = Release|Any CPU
		{58305186-4BF0-4CEA-BA5A-0715A64489A6}.Release|Any CPU.Build.0 = Release|Any CPU
	EndGlobalSection
	GlobalSection(SolutionProperties) = preSolution
		HideSolutionNode = FALSE
	EndGlobalSection
	GlobalSection(ExtensibilityGlobals) = postSolution
		SolutionGuid = {23E4AE4D-CF2F-4E53-B4E1-A7EE522068D2}
	EndGlobalSection
EndGlobal
